
Microsoft Visual Studio Solution File, Format Version 12.00
# Visual Studio Version 16
VisualStudioVersion = 16.0.29920.165
MinimumVisualStudioVersion = 10.0.40219.1
Project("{FAE04EC0-301F-11D3-BF4B-00C04F79EFBC}") = "API", "API\API.csproj", "{03FEDF07-32DF-4E8A-8EB5-F92901FF642F}"
EndProject
Global
	GlobalSection(SolutionConfigurationPlatforms) = preSolution
		Debug|Any CPU = Debug|Any CPU
		Release|Any CPU = Release|Any CPU
	EndGlobalSection
	GlobalSection(ProjectConfigurationPlatforms) = postSolution
		{03FEDF07-32DF-4E8A-8EB5-F92901FF642F}.Debug|Any CPU.ActiveCfg = Debug|Any CPU
		{03FEDF07-32DF-4E8A-8EB5-F92901FF642F}.Debug|Any CPU.Build.0 = Debug|Any CPU
		{03FEDF07-32DF-4E8A-8EB5-F92901FF642F}.Release|Any CPU.ActiveCfg = Release|Any CPU
		{03FEDF07-32DF-4E8A-8EB5-F92901FF642F}.Release|Any CPU.Build.0 = Release|Any CPU
	EndGlobalSection
	GlobalSection(SolutionProperties) = preSolution
		HideSolutionNode = FALSE
	EndGlobalSection
	GlobalSection(ExtensibilityGlobals) = postSolution
		SolutionGuid = {A2ADC42C-5672-434F-B909-CBDE18C95ABD}
	EndGlobalSection
EndGlobal
